
Microsoft Visual Studio Solution File, Format Version 12.00
# Visual Studio 15
VisualStudioVersion = 15.0.27130.2003
MinimumVisualStudioVersion = 10.0.40219.1
Project("{FAE04EC0-301F-11D3-BF4B-00C04F79EFBC}") = "LaptopSetup", "LaptopSetup\LaptopSetup.csproj", "{5B20E958-F188-4FE6-B87A-0BA115326B8D}"
EndProject
Project("{FAE04EC0-301F-11D3-BF4B-00C04F79EFBC}") = "XMLfileLaunchTest", "XMLfileLaunchTest\XMLfileLaunchTest.csproj", "{7E581458-CC32-4369-A82D-1938D40E9BBE}"
EndProject
Project("{FAE04EC0-301F-11D3-BF4B-00C04F79EFBC}") = "AfterImageSetupLIB", "AfterImageSetupLIB\AfterImageSetupLIB.csproj", "{FA16C979-1DFA-4530-B6B4-88FA3E1A2949}"
EndProject
Project("{FAE04EC0-301F-11D3-BF4B-00C04F79EFBC}") = "AfterImageSetupLIBTests", "AfterImageSetupLIBTests\AfterImageSetupLIBTests.csproj", "{C43211BA-5E45-4373-BF68-8CD77D7A0F8A}"
EndProject
Project("{FAE04EC0-301F-11D3-BF4B-00C04F79EFBC}") = "LaptopSetupTests", "LaptopSetupTests\LaptopSetupTests.csproj", "{79056287-E771-481D-9F9E-E16A674B5599}"
EndProject
Project("{FAE04EC0-301F-11D3-BF4B-00C04F79EFBC}") = "MassPrinterPush", "MassPrinterPush\MassPrinterPush.csproj", "{66E7E46A-B3F3-40D7-9FDD-07189ABEB3E5}"
EndProject
Global
	GlobalSection(SolutionConfigurationPlatforms) = preSolution
		Debug|Any CPU = Debug|Any CPU
		Release|Any CPU = Release|Any CPU
	EndGlobalSection
	GlobalSection(ProjectConfigurationPlatforms) = postSolution
		{5B20E958-F188-4FE6-B87A-0BA115326B8D}.Debug|Any CPU.ActiveCfg = Debug|Any CPU
		{5B20E958-F188-4FE6-B87A-0BA115326B8D}.Debug|Any CPU.Build.0 = Debug|Any CPU
		{5B20E958-F188-4FE6-B87A-0BA115326B8D}.Release|Any CPU.ActiveCfg = Release|Any CPU
		{5B20E958-F188-4FE6-B87A-0BA115326B8D}.Release|Any CPU.Build.0 = Release|Any CPU
		{7E581458-CC32-4369-A82D-1938D40E9BBE}.Debug|Any CPU.ActiveCfg = Debug|Any CPU
		{7E581458-CC32-4369-A82D-1938D40E9BBE}.Debug|Any CPU.Build.0 = Debug|Any CPU
		{7E581458-CC32-4369-A82D-1938D40E9BBE}.Release|Any CPU.ActiveCfg = Release|Any CPU
		{7E581458-CC32-4369-A82D-1938D40E9BBE}.Release|Any CPU.Build.0 = Release|Any CPU
		{FA16C979-1DFA-4530-B6B4-88FA3E1A2949}.Debug|Any CPU.ActiveCfg = Debug|Any CPU
		{FA16C979-1DFA-4530-B6B4-88FA3E1A2949}.Debug|Any CPU.Build.0 = Debug|Any CPU
		{FA16C979-1DFA-4530-B6B4-88FA3E1A2949}.Release|Any CPU.ActiveCfg = Release|Any CPU
		{FA16C979-1DFA-4530-B6B4-88FA3E1A2949}.Release|Any CPU.Build.0 = Release|Any CPU
		{C43211BA-5E45-4373-BF68-8CD77D7A0F8A}.Debug|Any CPU.ActiveCfg = Debug|Any CPU
		{C43211BA-5E45-4373-BF68-8CD77D7A0F8A}.Debug|Any CPU.Build.0 = Debug|Any CPU
		{C43211BA-5E45-4373-BF68-8CD77D7A0F8A}.Release|Any CPU.ActiveCfg = Release|Any CPU
		{C43211BA-5E45-4373-BF68-8CD77D7A0F8A}.Release|Any CPU.Build.0 = Release|Any CPU
		{79056287-E771-481D-9F9E-E16A674B5599}.Debug|Any CPU.ActiveCfg = Debug|Any CPU
		{79056287-E771-481D-9F9E-E16A674B5599}.Debug|Any CPU.Build.0 = Debug|Any CPU
		{79056287-E771-481D-9F9E-E16A674B5599}.Release|Any CPU.ActiveCfg = Release|Any CPU
		{79056287-E771-481D-9F9E-E16A674B5599}.Release|Any CPU.Build.0 = Release|Any CPU
		{66E7E46A-B3F3-40D7-9FDD-07189ABEB3E5}.Debug|Any CPU.ActiveCfg = Debug|Any CPU
		{66E7E46A-B3F3-40D7-9FDD-07189ABEB3E5}.Debug|Any CPU.Build.0 = Debug|Any CPU
		{66E7E46A-B3F3-40D7-9FDD-07189ABEB3E5}.Release|Any CPU.ActiveCfg = Release|Any CPU
		{66E7E46A-B3F3-40D7-9FDD-07189ABEB3E5}.Release|Any CPU.Build.0 = Release|Any CPU
	EndGlobalSection
	GlobalSection(SolutionProperties) = preSolution
		HideSolutionNode = FALSE
	EndGlobalSection
	GlobalSection(ExtensibilityGlobals) = postSolution
		SolutionGuid = {31F7ED3C-0DAC-474B-8D5E-8BE193121CFB}
	EndGlobalSection
EndGlobal
